
Microsoft Visual Studio Solution File, Format Version 12.00
# Visual Studio Version 17
VisualStudioVersion = 17.14.36414.22 d17.14
MinimumVisualStudioVersion = 10.0.40219.1
Project("{FAE04EC0-301F-11D3-BF4B-00C04F79EFBC}") = "ContractMonthlyClaimsSystem_st10288567_3", "ContractMonthlyClaimsSystem_st10288567_3\ContractMonthlyClaimsSystem_st10288567_3.csproj", "{6DF3F312-F71A-4641-8A89-B5A72728D1FF}"
EndProject
Global
	GlobalSection(SolutionConfigurationPlatforms) = preSolution
		Debug|Any CPU = Debug|Any CPU
		Release|Any CPU = Release|Any CPU
	EndGlobalSection
	GlobalSection(ProjectConfigurationPlatforms) = postSolution
		{6DF3F312-F71A-4641-8A89-B5A72728D1FF}.Debug|Any CPU.ActiveCfg = Debug|Any CPU
		{6DF3F312-F71A-4641-8A89-B5A72728D1FF}.Debug|Any CPU.Build.0 = Debug|Any CPU
		{6DF3F312-F71A-4641-8A89-B5A72728D1FF}.Release|Any CPU.ActiveCfg = Release|Any CPU
		{6DF3F312-F71A-4641-8A89-B5A72728D1FF}.Release|Any CPU.Build.0 = Release|Any CPU
	EndGlobalSection
	GlobalSection(SolutionProperties) = preSolution
		HideSolutionNode = FALSE
	EndGlobalSection
	GlobalSection(ExtensibilityGlobals) = postSolution
		SolutionGuid = {9702E3B0-A77D-4244-97A8-3D4EDF96125D}
	EndGlobalSection
EndGlobal
